{
  "name": "@thotsecure/web",
  "version": "0.1.0",
  "lockfileVersion": 3,
  "requires": true,
  "packages": {
    "": {
      "name": "@thotsecure/web",
      "version": "0.1.0",
      "license": "Apache-2.0",
      "type": "module",
      "description": "Thot Secure — dashboard SOC (React 18 + TypeScript + Vite). Interface riche optionnelle : la console embarquée servie par l'API (GET /) reste la référence sans build Node.",
      "dependencies": {
        "@tanstack/react-query": {
          "version": "5.59.0",
          "resolved": "https://registry.npmjs.org/@tanstack/react-query/-/react-query-5.59.0.tgz",
          "integrity": "sha512-fYpEuv5EK3iImP1qQBaA3KBh8Ds6RDpQ8ydflKpQ9W20VZPAf8V3nrNamJxhzcJqPRAVMhE7iEgPbKNQULHCzg=="
        },
        "clsx": {
          "version": "2.1.1",
          "resolved": "https://registry.npmjs.org/clsx/-/clsx-2.1.1.tgz",
          "integrity": "sha512-eYm0QWBtsPZgB3iNryUYAXCTstam2XISoEsFxFy6K5+Z+sCCWLhrdvXqfW1BBeioLmkv+zBau+H+ow3FSP9Btw=="
        },
        "react": {
          "version": "19.3.0",
          "resolved": "https://registry.npmjs.org/react/-/react-19.3.0.tgz",
          "integrity": "sha512-5H4M7bXnTQoxkkp5pQfWAp1lZ1cKGVgP6YVfzWUJ6OAjXc0clXQGhvEqrLiN9NnQjqUdnwGVF6Qg/JJj7Kk5iQ=="
        },
        "react-dom": {
          "version": "19.3.0",
          "resolved": "https://registry.npmjs.org/react-dom/-/react-dom-19.3.0.tgz",
          "integrity": "sha512-LxgEzJe3b5IpKcPaaSiBb8d2m3NM4jVvCN60cCRPqTECPPm8X5bHBDV5YPEKYn9pBM+rFo7dLDqvhT8iHmkiAg==",
          "dependencies": {
            "scheduler": "^0.28.0"
          }
        },
        "react-router-dom": {
          "version": "7.18.3",
          "resolved": "https://registry.npmjs.org/react-router-dom/-/react-router-dom-7.18.3.tgz",
          "integrity": "sha512-cYvz2fHg0N4oiBxEcxeFr0qJVFKNWFw7nJLcvmRUKC+lHDQ5u6Dg3IfkSs8k8C8CyIz4UMSXLWWqXKM0sY/f9Q=="
        },
        "recharts": {
          "version": "3.10.1",
          "resolved": "https://registry.npmjs.org/recharts/-/recharts-3.10.1.tgz",
          "integrity": "sha512-c3jP3/g2wbF3x0WCz7A1Gg5XPa3D8Ufp6kDFQqp64HbTz7HhKx0E2Uum+nQmEV9+JmlKPYO9e5Wo5cpAF6RLg=="
        }
      },
      "devDependencies": {
        "@eslint/js": {
          "version": "10.0.1",
          "resolved": "https://registry.npmjs.org/@eslint/js/-/js-10.0.1.tgz",
          "integrity": "sha512-PqNMsWkNATjbFCdv3z6jPnLFax7W0QCTr3eFKKKarWXQoHp3plqJBhMWBQNfDKLf5e3zDDx9IAtcB0Gv8/dF6A=="
        },
        "@tailwindcss/postcss": {
          "version": "4.3.3",
          "resolved": "https://registry.npmjs.org/@tailwindcss/postcss/-/postcss-4.3.3.tgz",
          "integrity": "sha512-FpyOIQxFLBhBLlSNWqGJxoNKEUvtc/+QALJ7VX3rXPRJfMQfBq5lPB8Pfi9VRiLFHR52pXDMCT62pE2y8Z+/A=="
        },
        "@types/node": "^26.5.1",
        "@types/react": "^19.3.0",
        "@types/react-dom": "^19.3.0",
        "@typescript-eslint/eslint-plugin": "^8.8.0",
        "@typescript-eslint/parser": "^8.70.0",
        "@vitejs/plugin-react": "^4.3.2",
        "autoprefixer": "^10.4.20",
        "eslint": "^10.10.0",
        "eslint-plugin-react-hooks": {
          "version": "7.1.1",
          "resolved": "https://registry.npmjs.org/eslint-plugin-react-hooks/-/eslint-plugin-react-hooks-7.1.1.tgz",
          "integrity": "sha512-/pNhzPrn10W9vMqXQWOH8SVGM9uJBXYXvNbPvE0lxQfUzB8AEHzVGbCOxNB0OM7RVqP5KvSt/WmQzLZZYXSxg=="
        },
        "eslint-plugin-react-refresh": "^0.5.6",
        "globals": {
          "version": "17.12.0",
          "resolved": "https://registry.npmjs.org/globals/-/globals-17.12.0.tgz",
          "integrity": "sha512-2vI4NeZXOgM6pDqYUxWz/B7z+0zFhvPTAI8ztlHgX8g8qv6Y3C8pQJY0YYDaLo+gT9mJbO3pPqYXvJpBvATh6g=="
        },
        "postcss": "^8.4.47",
        "tailwindcss": "^4.3.3",
        "typescript": "^5.6.2",
        "typescript-eslint": {
          "version": "8.70.0",
          "resolved": "https://registry.npmjs.org/typescript-eslint/-/typescript-eslint-8.70.0.tgz",
          "integrity": "sha512-nSvd0Gf/1L0tQBJXKK/yQ1j2L1P+3Y/pVK1bBY3SBFcGgpYT2rLkxfqQNFqy3+vbqZRLfKcqGh5N2kpLQJQ8g=="
        },
        "vite": "^5.4.8",
        "vitest": "^2.1.2"
      },
      "engines": {
        "node": ">=20.19.0"
      }
    },
    "node_modules/scheduler": {
      "version": "0.28.0",
      "resolved": "https://registry.npmjs.org/scheduler/-/scheduler-0.28.0.tgz",
      "integrity": "sha512-Qm8k8LORTgTVhjrS0OQCcNS3R+eSAPDOENcAr2xAuSvP1αIVwNUH7VbzUsxQ93Dreak75vR+cJMltWD1i8cFg=="
    }
  }
}
