{
  "name": "@thotsecure/web",
  "version": "0.1.0",
  "lockfileVersion": 3,
  "requires": true,
  "packages": {
    "": {
      "name": "@thotsecure/web",
      "version": "0.1.0",
      "license": "Apache-2.0",
      "type": "module",
      "dependencies": {
        "@tanstack/react-query": "^5.59.0",
        "clsx": "^2.1.1",
        "react": "^19.3.0",
        "react-dom": "^19.3.0",
        "react-router-dom": "^7.18.3",
        "recharts": "^3.10.1"
      },
      "devDependencies": {
        "@eslint/js": "^10.0.1",
        "@tailwindcss/postcss": "^4.3.3",
        "@types/node": "^26.5.1",
        "@types/react": "^19.3.0",
        "@types/react-dom": "^19.3.0",
        "@typescript-eslint/eslint-plugin": "^8.8.0",
        "@typescript-eslint/parser": "^8.70.0",
        "@vitejs/plugin-react": "^4.3.2",
        "autoprefixer": "^10.4.20",
        "eslint": "^10.10.0",
        "eslint-plugin-react-hooks": "^7.1.1",
        "eslint-plugin-react-refresh": "^0.5.6",
        "globals": "^17.12.0",
        "postcss": "^8.4.47",
        "tailwindcss": "^4.3.3",
        "typescript": "^5.6.2",
        "typescript-eslint": "^8.70.0",
        "vite": "^5.4.8",
        "vitest": "^2.1.2"
      },
      "engines": {
        "node": ">=20.19.0"
      }
    },
    "node_modules/@alloc/quick-lru": {
      "version": "5.3.0",
      "resolved": "https://registry.npmjs.org/@alloc/quick-lru/-/quick-lru-5.3.0.tgz",
      "integrity": "sha512-HG+67h/TtisBuff6X0dbBLU5F/8dMK8M2DZzNKHmDHIqr3C0KKz7vVHjnp06l5V+LSE8oWfZN7+RSrW3eENi8w==",
      "dev": true,
      "license": "MIT",
      "engines": {
        "node": ">=12"
      }
    },
    "node_modules/@eslint/js": {
      "version": "10.0.1",
      "resolved": "https://registry.npmjs.org/@eslint/js/-/js-10.0.1.tgz",
      "integrity": "sha512-zeR9k5pd4gxjZ0abRoIaxdc7I3nDktoXZk2qOv9gCNWx3mVwEn32VRhyLaRsDiJjTs0xq/T8mfPtyuXu7GWBcA==",
      "dev": true,
      "license": "MIT",
      "engines": {
        "node": "^20.19.0 || ^22.13.0 || >=24"
      },
      "funding": {
        "url": "https://eslint.org/donate"
      }
    },
    "node_modules/@tailwindcss/node": {
      "version": "4.3.3",
      "resolved": "https://registry.npmjs.org/@tailwindcss/node/-/node-4.3.3.tgz",
      "integrity": "sha512-OhRiqiHhTlqZPWIRKr6xdTLhCqbA/DYEO2G2x2OvpVqpMNR3A8LL6D7i/bZCh6a4RcHAq1dDKu5xLDEfBOvLA==",
      "dev": true,
      "license": "MIT",
      "engines": {
        "node": ">=18"
      }
    },
    "node_modules/@tailwindcss/postcss": {
      "version": "4.3.3",
      "resolved": "https://registry.npmjs.org/@tailwindcss/postcss/-/postcss-4.3.3.tgz",
      "integrity": "sha512-FpyOIQxFLBhBLlSNWqGJxoNKEUvtc/+QALJ7VX3rXPRJfMQfBq5lPB8Pfi9VRiLFHR52pXDMCT62pE2y8Z+/A==",
      "dev": true,
      "license": "MIT",
      "dependencies": {
        "@tailwindcss/node": "4.3.3",
        "@tailwindcss/oxide": "4.3.3",
        "jiti": "^2.7.0",
        "lightningcss": "1.32.0",
        "sucrase": "^3.35.0"
      },
      "engines": {
        "node": ">=18"
      }
    },
    "node_modules/@tailwindcss/oxide": {
      "version": "4.3.3",
      "resolved": "https://registry.npmjs.org/@tailwindcss/oxide/-/oxide-4.3.3.tgz",
      "integrity": "sha512-1AX8J9LN8DgnJfgFHvC0hGNPWOvVPHxI6YtZZqvO6M9r6LxN6jegWAjm0x3gLVwGkULmJhvYvdPXJOKuuT6aaA==",
      "dev": true,
      "license": "MIT",
      "optionalDependencies": {
        "@tailwindcss/oxide-linux-x64-gnu": "4.3.3",
        "@tailwindcss/oxide-darwin-arm64": "4.3.3",
        "@tailwindcss/oxide-win32-x64-msvc": "4.3.3"
      }
    },
    "node_modules/@tailwindcss/oxide-darwin-arm64": {
      "version": "4.3.3",
      "resolved": "https://registry.npmjs.org/@tailwindcss/oxide-darwin-arm64/-/oxide-darwin-arm64-4.3.3.tgz",
      "integrity": "sha512-Qnkk9cPJqr/NNgdSctADjQvSYKzV/bRBfbk1+OPNe0IABPJ8pFmrE9zcbj+Kg4oXC0XA/0PkGPtPGR7FAZKbQ==",
      "dev": true,
      "license": "MIT",
      "optional": true
    },
    "node_modules/@tailwindcss/oxide-linux-x64-gnu": {
      "version": "4.3.3",
      "resolved": "https://registry.npmjs.org/@tailwindcss/oxide-linux-x64-gnu/-/oxide-linux-x64-gnu-4.3.3.tgz",
      "integrity": "sha512-dL/1IfTWRD+TkTrHm7OdKNmNjsHEFvWOmgJzVVlbVVHoZyVKLhTj3OcDx5WnPGMKkqjjOlxZJ0vvJz6LsJ9ysA==",
      "dev": true,
      "license": "MIT",
      "optional": true
    },
    "node_modules/@tailwindcss/oxide-win32-x64-msvc": {
      "version": "4.3.3",
      "resolved": "https://registry.npmjs.org/@tailwindcss/oxide-win32-x64-msvc/-/oxide-win32-x64-msvc-4.3.3.tgz",
      "integrity": "sha512-NnqkKhCGqMgcYIBLyskLCmJ8t3pTpO0RiDFcU9rMX0s0uKDGZUNmPzKQOzCBLhYiZTdSp5iHhCKRuIpG0KyYKg==",
      "dev": true,
      "license": "MIT",
      "optional": true
    },
    "node_modules/detect-libc": {
      "version": "2.0.2",
      "resolved": "https://registry.npmjs.org/detect-libc/-/detect-libc-2.0.2.tgz",
      "integrity": "sha512-UX6sGumvvqSaXgdKGUe7k+CRLPD3rEchu3PJmWCMgNHWN+htoKp8w+V2ZlW4nVL+69qL4MWpyvu+FTmxDkPRWA==",
      "dev": true,
      "license": "MIT",
      "engines": {
        "node": "^8 || >=10"
      }
    },
    "node_modules/enhanced-resolve": {
      "version": "5.25.1",
      "resolved": "https://registry.npmjs.org/enhanced-resolve/-/enhanced-resolve-5.25.1.tgz",
      "integrity": "sha512-kfZcW12gxbCKnfswFrmzrfXB54f7S+y/P4w7w+0x2VTbUr9aBU5G2D30xo5LEm7j75klrVRiBJphXqk8bFZQYA==",
      "dev": true,
      "license": "MIT",
      "dependencies": {
        "graceful-fs": "^4.2.4",
        "tapable": "^2.2.1"
      },
      "engines": {
        "node": ">=10.13.0"
      }
    },
    "node_modules/globals": {
      "version": "17.12.0",
      "resolved": "https://registry.npmjs.org/globals/-/globals-17.12.0.tgz",
      "integrity": "sha512-2vI4NeZXOgM6pDqYUxWz/B7z+0zFhvPTAI8ztlHgX8g8qv6Y3C8pQJY0YYDaLo+gT9mJbO3pPqYXvJpBvATh6g==",
      "dev": true,
      "license": "MIT",
      "engines": {
        "node": "^18.20 || >=20"
      }
    },
    "node_modules/graceful-fs": {
      "version": "4.2.11",
      "resolved": "https://registry.npmjs.org/graceful-fs/-/graceful-fs-4.2.11.tgz",
      "integrity": "sha512-RbiiZi2sSzDMMtlapQHe2XwIklR7b2K7gVl1/j1I3dNojT8nSUUNcg+sSeptQSww0B5GNKWNyPrLnIfa0CNYaA==",
      "dev": true,
      "license": "ISC"
    },
    "node_modules/hermes-estree": {
      "version": "0.25.1",
      "resolved": "https://registry.npmjs.org/hermes-estree/-/hermes-estree-0.25.1.tgz",
      "integrity": "sha512-pqjGDJMYaVtFZLv15GUjVP0f/xKR5BsfzR9vH5bNvDfYFHA5jTqV0eFWKiLw5RjhSlIgK92Z36VJwDiT2sZ5BA==",
      "dev": true,
      "license": "MIT"
    },
    "node_modules/hermes-parser": {
      "version": "0.25.1",
      "resolved": "https://registry.npmjs.org/hermes-parser/-/hermes-parser-0.25.1.tgz",
      "integrity": "sha512-z09vHzVAbsFRvIUHyN0g6lW10HnMj/0tEDfqrIXnqFb4sVz9wIj3d/J4yK2jU1FNs0WrJg7P+sJvnJ+55Sw4dQ==",
      "dev": true,
      "license": "MIT",
      "dependencies": {
        "hermes-estree": "0.25.1"
      }
    },
    "node_modules/jiti": {
      "version": "2.7.0",
      "resolved": "https://registry.npmjs.org/jiti/-/jiti-2.7.0.tgz",
      "integrity": "sha512-66l1ZcEyosU6SQNQWi9R6BRfMz8F3HTGU5Wy9u7Gc9yZCKV4l2sDGMIe1o8qRvqWV+YIZjTVqEHJJ5a9xvTH0g==",
      "dev": true,
      "license": "MIT",
      "bin": {
        "jiti": "bin/jiti.mjs"
      },
      "engines": {
        "node": ">=18.0.0"
      }
    },
    "node_modules/lightningcss": {
      "version": "1.32.0",
      "resolved": "https://registry.npmjs.org/lightningcss/-/lightningcss-1.32.0.tgz",
      "integrity": "sha512-3iXuEATOl19ZfRNiqHZTmxQMjrK1F3TxYVhVp8rIWyL9Gq7TjmtWH4yQjk6tqFyJFp+aH8Tw3YrXXCdJlZH7mQ==",
      "dev": true,
      "license": "LGPL-3.0-only",
      "dependencies": {
        "detect-libc": "^2.0.0"
      },
      "engines": {
        "node": ">=18"
      },
      "optionalDependencies": {
        "lightningcss-linux-x64-gnu": "1.32.0",
        "lightningcss-darwin-arm64": "1.32.0",
        "lightningcss-win32-x64-msvc": "1.32.0"
      }
    },
    "node_modules/lightningcss-darwin-arm64": {
      "version": "1.32.0",
      "resolved": "https://registry.npmjs.org/lightningcss-darwin-arm64/-/lightningcss-darwin-arm64-1.32.0.tgz",
      "integrity": "sha512-VEn5B0Q1O1gNYKWGwFP/P0p5EVp5hDYBHBKlvZfEdbkqkRRUfAJBflnHmDpPO/4Cl0s2jcN0wfDsVJPEDGjMDQ==",
      "dev": true,
      "license": "LGPL-3.0-only",
      "optional": true
    },
    "node_modules/lightningcss-linux-x64-gnu": {
      "version": "1.32.0",
      "resolved": "https://registry.npmjs.org/lightningcss-linux-x64-gnu/-/lightningcss-linux-x64-gnu-1.32.0.tgz",
      "integrity": "sha512-2J9J/iVeKLBVqAbZ1EjdpwrN0LXqnFLx3q8GGBSjlYbfhJX7u4gXJyGNaxOEPxHLnP+0NW+HZfJ2vT8Xvsc2Q==",
      "dev": true,
      "license": "LGPL-3.0-only",
      "optional": true
    },
    "node_modules/lightningcss-win32-x64-msvc": {
      "version": "1.32.0",
      "resolved": "https://registry.npmjs.org/lightningcss-win32-x64-msvc/-/lightningcss-win32-x64-msvc-1.32.0.tgz",
      "integrity": "sha512-X+kRWlOIH0T8/R+eLVHYFPdgfnZrk6JCKVSpxLe2aKlA/2mK5B8XK0k8TRwvWzLMpqRiP2JTFVS9uxK3IfqZA==",
      "dev": true,
      "license": "LGPL-3.0-only",
      "optional": true
    },
    "node_modules/scheduler": {
      "version": "0.28.0",
      "resolved": "https://registry.npmjs.org/scheduler/-/scheduler-0.28.0.tgz",
      "integrity": "sha512-Qm8k8LORTgTVhjrS0OQCcNS3R+eSAPDOENcAr2xAuSvP1αIVwNUH7VbzUsxQ93Dreak75vR+cJMltWD1i8cFg==",
      "license": "MIT"
    },
    "node_modules/sucrase": {
      "version": "3.35.0",
      "resolved": "https://registry.npmjs.org/sucrase/-/sucrase-3.35.0.tgz",
      "integrity": "sha512-8EbVDFo4moYUcIdNbkTZJc1+yCAIvVT9q7gIkcW2r21L8wyljAXxVlE9F8xkXwmnEzmEYa0gDTO59qnZHFkxjA==",
      "dev": true,
      "license": "MIT",
      "dependencies": {
        "@jridgewell/gen-mapping": "^0.3.2",
        "commander": "^4.1.1",
        "glob": "^10.3.10",
        "lines-and-columns": "^1.2.4"
      },
      "bin": {
        "sucrase": "bin/sucrase"
      },
      "engines": {
        "node": ">=16 || >=18"
      }
    },
    "node_modules/tapable": {
      "version": "2.3.3",
      "resolved": "https://registry.npmjs.org/tapable/-/tapable-2.3.3.tgz",
      "integrity": "sha512-Rnj0E2YJ0DhJ9Ato/fPVMb8gkYFzm5LqJPhMJzP0OhOeVfFJ1S5mLp+OvJSCc3Jrle/3R4qS2tJ4YZNzFNVnhA==",
      "dev": true,
      "license": "MIT",
      "engines": {
        "node": ">=6"
      }
    },
    "node_modules/typescript-eslint": {
      "version": "8.70.0",
      "resolved": "https://registry.npmjs.org/typescript-eslint/-/typescript-eslint-8.70.0.tgz",
      "integrity": "sha512-nSvd0Gf/1L0tQBJXKK/yQ1j2L1P+3Y/pVK1bBY3SBFcGgpYT2rLkxfqQNFqy3+vbqZRLfKcqGh5N2kpLQJQ8g==",
      "dev": true,
      "license": "BSD-2-Clause",
      "peerDependencies": {
        "eslint": "^8 || ^9",
        "typescript": "^5.8 || ^5.9 || ^5.10 || ^6.0"
      }
    },
    "node_modules/zod": {
      "version": "3.23.8",
      "resolved": "https://registry.npmjs.org/zod/-/zod-3.23.8.tgz",
      "integrity": "sha512-XZzYCVzIm1rtqB5jz4y/aNxEJVd/KuxJRb6b7VY/biMqXf63AOchxQisKdV/og+K5RjNP61ImmNKISDB1hl7vQ==",
      "dev": true,
      "license": "MIT",
      "engines": {
        "node": ">=16.0.0"
      }
    }
  }
}
